
Microsoft Visual Studio Solution File, Format Version 12.00
Project("{F2A71F9B-5D33-465A-A702-920D77279786}") = "App", "src\App.fsproj", "{A3C9B99F-A0FE-40F1-B9CF-9245E996BDFA}"
EndProject
Global
	GlobalSection(SolutionConfigurationPlatforms) = preSolution
		Debug|Any CPU = Debug|Any CPU
		Release|Any CPU = Release|Any CPU
	EndGlobalSection
	GlobalSection(ProjectConfigurationPlatforms) = postSolution
		{A3C9B99F-A0FE-40F1-B9CF-9245E996BDFA}.Debug|Any CPU.ActiveCfg = Debug|Any CPU
		{A3C9B99F-A0FE-40F1-B9CF-9245E996BDFA}.Debug|Any CPU.Build.0 = Debug|Any CPU
		{A3C9B99F-A0FE-40F1-B9CF-9245E996BDFA}.Release|Any CPU.ActiveCfg = Release|Any CPU
		{A3C9B99F-A0FE-40F1-B9CF-9245E996BDFA}.Release|Any CPU.Build.0 = Release|Any CPU
	EndGlobalSection
EndGlobal
